
Microsoft Visual Studio Solution File, Format Version 12.00
# Visual Studio Version 16
VisualStudioVersion = 16.0.29728.190
MinimumVisualStudioVersion = 10.0.40219.1
Project("{9A19103F-16F7-4668-BE54-9A1E7A4F7556}") = "BlazingObjednavka.Server", "BlazingObjednavka\Server\BlazingObjednavka.Server.csproj", "{2F25C87C-60E7-41F6-A47C-D2AC49094FA2}"
EndProject
Project("{9A19103F-16F7-4668-BE54-9A1E7A4F7556}") = "BlazingObjednavka.Client", "BlazingObjednavka\Client\BlazingObjednavka.Client.csproj", "{9FD686B3-F88A-4E21-9BBC-9F3446CFFE36}"
EndProject
Project("{9A19103F-16F7-4668-BE54-9A1E7A4F7556}") = "BlazingObjednavka.Shared", "BlazingObjednavka\Shared\BlazingObjednavka.Shared.csproj", "{5355E0E9-7E53-4743-A780-E9C4E47974BC}"
EndProject
Global
	GlobalSection(SolutionConfigurationPlatforms) = preSolution
		Debug|Any CPU = Debug|Any CPU
		Release|Any CPU = Release|Any CPU
	EndGlobalSection
	GlobalSection(ProjectConfigurationPlatforms) = postSolution
		{2F25C87C-60E7-41F6-A47C-D2AC49094FA2}.Debug|Any CPU.ActiveCfg = Debug|Any CPU
		{2F25C87C-60E7-41F6-A47C-D2AC49094FA2}.Debug|Any CPU.Build.0 = Debug|Any CPU
		{2F25C87C-60E7-41F6-A47C-D2AC49094FA2}.Release|Any CPU.ActiveCfg = Release|Any CPU
		{2F25C87C-60E7-41F6-A47C-D2AC49094FA2}.Release|Any CPU.Build.0 = Release|Any CPU
		{9FD686B3-F88A-4E21-9BBC-9F3446CFFE36}.Debug|Any CPU.ActiveCfg = Debug|Any CPU
		{9FD686B3-F88A-4E21-9BBC-9F3446CFFE36}.Debug|Any CPU.Build.0 = Debug|Any CPU
		{9FD686B3-F88A-4E21-9BBC-9F3446CFFE36}.Release|Any CPU.ActiveCfg = Release|Any CPU
		{9FD686B3-F88A-4E21-9BBC-9F3446CFFE36}.Release|Any CPU.Build.0 = Release|Any CPU
		{5355E0E9-7E53-4743-A780-E9C4E47974BC}.Debug|Any CPU.ActiveCfg = Debug|Any CPU
		{5355E0E9-7E53-4743-A780-E9C4E47974BC}.Debug|Any CPU.Build.0 = Debug|Any CPU
		{5355E0E9-7E53-4743-A780-E9C4E47974BC}.Release|Any CPU.ActiveCfg = Release|Any CPU
		{5355E0E9-7E53-4743-A780-E9C4E47974BC}.Release|Any CPU.Build.0 = Release|Any CPU
	EndGlobalSection
	GlobalSection(SolutionProperties) = preSolution
		HideSolutionNode = FALSE
	EndGlobalSection
	GlobalSection(ExtensibilityGlobals) = postSolution
		SolutionGuid = {760B428B-997E-44CC-B317-F116864ADE6F}
	EndGlobalSection
EndGlobal
